lockfileVersion: '9.0'

settings:
  autoInstallPeers: true
  excludeLinksFromLockfile: false

importers:

  .:
    dependencies:
      '@ludlovian/configure':
        specifier: github:ludlovian/configure
        version: https://codeload.github.com/ludlovian/configure/tar.gz/3a8bb028d77cfbdb64d22c47a316da8509dad898
      '@ludlovian/debug':
        specifier: github:ludlovian/debug
        version: https://codeload.github.com/ludlovian/debug/tar.gz/52c340a997e7be86a5c1d6e3747c3e79f8caa994
      '@ludlovian/equal':
        specifier: github:ludlovian/equal
        version: https://codeload.github.com/ludlovian/equal/tar.gz/9af158101cc2b0cee715fb85b0f61a26858f24c5
      '@ludlovian/jonos-api':
        specifier: github:ludlovian/jonos-api
        version: https://codeload.github.com/ludlovian/jonos-api/tar.gz/51af50374916d2c03a822cecfd5ed35a5a9ec2fd
      '@ludlovian/lock':
        specifier: github:ludlovian/lock
        version: https://codeload.github.com/ludlovian/lock/tar.gz/d1ca32b46e1e59cb8d7736f64a438dabc570555c
      '@ludlovian/parsley':
        specifier: github:ludlovian/parsley
        version: https://codeload.github.com/ludlovian/parsley/tar.gz/f0d2f3be2ea1c9f560113f62a64b876976fbb460
      '@ludlovian/signalbox':
        specifier: github:ludlovian/signalbox
        version: https://codeload.github.com/ludlovian/signalbox/tar.gz/0738206db9b9116e24c1d8cb0bb4d0208158d8a6(@preact/signals-core@1.6.1)
      '@ludlovian/sortby':
        specifier: github:ludlovian/sortby
        version: https://codeload.github.com/ludlovian/sortby/tar.gz/991acec93f54a26b4e74fd29e5712cbb21ad65f1
      '@ludlovian/timer':
        specifier: github:ludlovian/timer
        version: https://codeload.github.com/ludlovian/timer/tar.gz/f5c021e191d528db5e573a07c358477c1ff5f80f
      '@ludlovian/until-signal':
        specifier: github:ludlovian/until-signal
        version: https://codeload.github.com/ludlovian/until-signal/tar.gz/2a1b0bf960189e7c54e54e33669c96f2f2593bf9(@preact/signals-core@1.6.1)
    devDependencies:
      '@preact/signals-core':
        specifier: ^1.6.1
        version: 1.6.1

packages:

  '@ludlovian/camel@https://codeload.github.com/ludlovian/camel/tar.gz/8389f121d271c7930e99ad82b0dc5dbe16dfcb03':
    resolution: {tarball: https://codeload.github.com/ludlovian/camel/tar.gz/8389f121d271c7930e99ad82b0dc5dbe16dfcb03}
    version: 0.1.0

  '@ludlovian/configure@https://codeload.github.com/ludlovian/configure/tar.gz/3a8bb028d77cfbdb64d22c47a316da8509dad898':
    resolution: {tarball: https://codeload.github.com/ludlovian/configure/tar.gz/3a8bb028d77cfbdb64d22c47a316da8509dad898}
    version: 0.1.2

  '@ludlovian/debug@https://codeload.github.com/ludlovian/debug/tar.gz/52c340a997e7be86a5c1d6e3747c3e79f8caa994':
    resolution: {tarball: https://codeload.github.com/ludlovian/debug/tar.gz/52c340a997e7be86a5c1d6e3747c3e79f8caa994}
    version: 0.1.0

  '@ludlovian/equal@https://codeload.github.com/ludlovian/equal/tar.gz/9af158101cc2b0cee715fb85b0f61a26858f24c5':
    resolution: {tarball: https://codeload.github.com/ludlovian/equal/tar.gz/9af158101cc2b0cee715fb85b0f61a26858f24c5}
    version: 0.1.0

  '@ludlovian/guess@https://codeload.github.com/ludlovian/guess/tar.gz/98ce9a84b91c571001c7ce164fad7ab9ce1946a4':
    resolution: {tarball: https://codeload.github.com/ludlovian/guess/tar.gz/98ce9a84b91c571001c7ce164fad7ab9ce1946a4}
    version: 0.1.0

  '@ludlovian/jonos-api@https://codeload.github.com/ludlovian/jonos-api/tar.gz/51af50374916d2c03a822cecfd5ed35a5a9ec2fd':
    resolution: {tarball: https://codeload.github.com/ludlovian/jonos-api/tar.gz/51af50374916d2c03a822cecfd5ed35a5a9ec2fd}
    version: 0.6.5

  '@ludlovian/lock@https://codeload.github.com/ludlovian/lock/tar.gz/d1ca32b46e1e59cb8d7736f64a438dabc570555c':
    resolution: {tarball: https://codeload.github.com/ludlovian/lock/tar.gz/d1ca32b46e1e59cb8d7736f64a438dabc570555c}
    version: 0.1.0

  '@ludlovian/parsley@https://codeload.github.com/ludlovian/parsley/tar.gz/f0d2f3be2ea1c9f560113f62a64b876976fbb460':
    resolution: {tarball: https://codeload.github.com/ludlovian/parsley/tar.gz/f0d2f3be2ea1c9f560113f62a64b876976fbb460}
    version: 2.0.0

  '@ludlovian/signalbox@https://codeload.github.com/ludlovian/signalbox/tar.gz/0738206db9b9116e24c1d8cb0bb4d0208158d8a6':
    resolution: {tarball: https://codeload.github.com/ludlovian/signalbox/tar.gz/0738206db9b9116e24c1d8cb0bb4d0208158d8a6}
    version: 0.1.0
    peerDependencies:
      '@preact/signals-core': ^1.6.1

  '@ludlovian/sortby@https://codeload.github.com/ludlovian/sortby/tar.gz/991acec93f54a26b4e74fd29e5712cbb21ad65f1':
    resolution: {tarball: https://codeload.github.com/ludlovian/sortby/tar.gz/991acec93f54a26b4e74fd29e5712cbb21ad65f1}
    version: 1.1.0

  '@ludlovian/timeout@https://codeload.github.com/ludlovian/timeout/tar.gz/bb8ad7cf5e35442c41409be15c8658bafb2b3ada':
    resolution: {tarball: https://codeload.github.com/ludlovian/timeout/tar.gz/bb8ad7cf5e35442c41409be15c8658bafb2b3ada}
    version: 0.1.0

  '@ludlovian/timer@https://codeload.github.com/ludlovian/timer/tar.gz/f5c021e191d528db5e573a07c358477c1ff5f80f':
    resolution: {tarball: https://codeload.github.com/ludlovian/timer/tar.gz/f5c021e191d528db5e573a07c358477c1ff5f80f}
    version: 3.0.0

  '@ludlovian/until-signal@https://codeload.github.com/ludlovian/until-signal/tar.gz/2a1b0bf960189e7c54e54e33669c96f2f2593bf9':
    resolution: {tarball: https://codeload.github.com/ludlovian/until-signal/tar.gz/2a1b0bf960189e7c54e54e33669c96f2f2593bf9}
    version: 0.1.0
    peerDependencies:
      '@preact/signals-core': ^1.6.1

  '@lukeed/ms@2.0.2':
    resolution: {integrity: sha512-9I2Zn6+NJLfaGoz9jN3lpwDgAYvfGeNYdbAIjJOqzs4Tpc+VU3Jqq4IofSUBKajiDS8k9fZIg18/z13mpk1bsA==}
    engines: {node: '>=8'}

  '@preact/signals-core@1.6.1':
    resolution: {integrity: sha512-KXEEmJoKDlo0Igju/cj9YvKIgyaWFDgnprShQjzimUd5VynAAdTWMshawEOjUVeKbsI0aR58V6WOQp+DNcKApw==}

snapshots:

  '@ludlovian/camel@https://codeload.github.com/ludlovian/camel/tar.gz/8389f121d271c7930e99ad82b0dc5dbe16dfcb03': {}

  '@ludlovian/configure@https://codeload.github.com/ludlovian/configure/tar.gz/3a8bb028d77cfbdb64d22c47a316da8509dad898':
    dependencies:
      '@ludlovian/camel': https://codeload.github.com/ludlovian/camel/tar.gz/8389f121d271c7930e99ad82b0dc5dbe16dfcb03
      '@ludlovian/guess': https://codeload.github.com/ludlovian/guess/tar.gz/98ce9a84b91c571001c7ce164fad7ab9ce1946a4
      '@lukeed/ms': 2.0.2

  '@ludlovian/debug@https://codeload.github.com/ludlovian/debug/tar.gz/52c340a997e7be86a5c1d6e3747c3e79f8caa994': {}

  '@ludlovian/equal@https://codeload.github.com/ludlovian/equal/tar.gz/9af158101cc2b0cee715fb85b0f61a26858f24c5': {}

  '@ludlovian/guess@https://codeload.github.com/ludlovian/guess/tar.gz/98ce9a84b91c571001c7ce164fad7ab9ce1946a4': {}

  '@ludlovian/jonos-api@https://codeload.github.com/ludlovian/jonos-api/tar.gz/51af50374916d2c03a822cecfd5ed35a5a9ec2fd':
    dependencies:
      '@ludlovian/camel': https://codeload.github.com/ludlovian/camel/tar.gz/8389f121d271c7930e99ad82b0dc5dbe16dfcb03
      '@ludlovian/configure': https://codeload.github.com/ludlovian/configure/tar.gz/3a8bb028d77cfbdb64d22c47a316da8509dad898
      '@ludlovian/debug': https://codeload.github.com/ludlovian/debug/tar.gz/52c340a997e7be86a5c1d6e3747c3e79f8caa994
      '@ludlovian/guess': https://codeload.github.com/ludlovian/guess/tar.gz/98ce9a84b91c571001c7ce164fad7ab9ce1946a4
      '@ludlovian/lock': https://codeload.github.com/ludlovian/lock/tar.gz/d1ca32b46e1e59cb8d7736f64a438dabc570555c
      '@ludlovian/parsley': https://codeload.github.com/ludlovian/parsley/tar.gz/f0d2f3be2ea1c9f560113f62a64b876976fbb460
      '@ludlovian/timeout': https://codeload.github.com/ludlovian/timeout/tar.gz/bb8ad7cf5e35442c41409be15c8658bafb2b3ada
      '@ludlovian/timer': https://codeload.github.com/ludlovian/timer/tar.gz/f5c021e191d528db5e573a07c358477c1ff5f80f
      '@lukeed/ms': 2.0.2

  '@ludlovian/lock@https://codeload.github.com/ludlovian/lock/tar.gz/d1ca32b46e1e59cb8d7736f64a438dabc570555c': {}

  '@ludlovian/parsley@https://codeload.github.com/ludlovian/parsley/tar.gz/f0d2f3be2ea1c9f560113f62a64b876976fbb460': {}

  '@ludlovian/signalbox@https://codeload.github.com/ludlovian/signalbox/tar.gz/0738206db9b9116e24c1d8cb0bb4d0208158d8a6(@preact/signals-core@1.6.1)':
    dependencies:
      '@preact/signals-core': 1.6.1

  '@ludlovian/sortby@https://codeload.github.com/ludlovian/sortby/tar.gz/991acec93f54a26b4e74fd29e5712cbb21ad65f1': {}

  '@ludlovian/timeout@https://codeload.github.com/ludlovian/timeout/tar.gz/bb8ad7cf5e35442c41409be15c8658bafb2b3ada': {}

  '@ludlovian/timer@https://codeload.github.com/ludlovian/timer/tar.gz/f5c021e191d528db5e573a07c358477c1ff5f80f': {}

  '@ludlovian/until-signal@https://codeload.github.com/ludlovian/until-signal/tar.gz/2a1b0bf960189e7c54e54e33669c96f2f2593bf9(@preact/signals-core@1.6.1)':
    dependencies:
      '@preact/signals-core': 1.6.1

  '@lukeed/ms@2.0.2': {}

  '@preact/signals-core@1.6.1': {}
