lockfileVersion: '9.0'

settings:
  autoInstallPeers: true
  excludeLinksFromLockfile: false

importers:

  .:
    dependencies:
      '@ludlovian/configure':
        specifier: github:ludlovian/configure
        version: https://codeload.github.com/ludlovian/configure/tar.gz/bbd23d329e3b15a09e5953940ee81486a0d1465c
      '@ludlovian/debug':
        specifier: github:ludlovian/debug
        version: https://codeload.github.com/ludlovian/debug/tar.gz/720a2f06021239565dd0b62aa823fd8741705a30
      '@ludlovian/equal':
        specifier: github:ludlovian/equal
        version: https://codeload.github.com/ludlovian/equal/tar.gz/9af158101cc2b0cee715fb85b0f61a26858f24c5
      '@ludlovian/jonos-api':
        specifier: github:ludlovian/jonos-api
        version: https://codeload.github.com/ludlovian/jonos-api/tar.gz/b7a3f885a97c7d85ee44498463a24a300581f5c6
      '@ludlovian/lock':
        specifier: github:ludlovian/lock
        version: https://codeload.github.com/ludlovian/lock/tar.gz/d1ca32b46e1e59cb8d7736f64a438dabc570555c
      '@ludlovian/parsley':
        specifier: github:ludlovian/parsley
        version: https://codeload.github.com/ludlovian/parsley/tar.gz/5b58e1c577974747706190ab362dd2d185587728
      '@ludlovian/signalbox':
        specifier: github:ludlovian/signalbox
        version: https://codeload.github.com/ludlovian/signalbox/tar.gz/0738206db9b9116e24c1d8cb0bb4d0208158d8a6(@preact/signals-core@1.7.0)
      '@ludlovian/sortby':
        specifier: github:ludlovian/sortby
        version: https://codeload.github.com/ludlovian/sortby/tar.gz/991acec93f54a26b4e74fd29e5712cbb21ad65f1
      '@ludlovian/timer':
        specifier: github:ludlovian/timer
        version: https://codeload.github.com/ludlovian/timer/tar.gz/fa5cf51fba00f2715de2b182d1d546d7a8cbe883
      '@ludlovian/until-signal':
        specifier: github:ludlovian/until-signal
        version: https://codeload.github.com/ludlovian/until-signal/tar.gz/2a1b0bf960189e7c54e54e33669c96f2f2593bf9(@preact/signals-core@1.7.0)
    devDependencies:
      '@preact/signals-core':
        specifier: ^1.7.0
        version: 1.7.0

packages:

  '@ludlovian/camel@https://codeload.github.com/ludlovian/camel/tar.gz/8389f121d271c7930e99ad82b0dc5dbe16dfcb03':
    resolution: {tarball: https://codeload.github.com/ludlovian/camel/tar.gz/8389f121d271c7930e99ad82b0dc5dbe16dfcb03}
    version: 0.1.0

  '@ludlovian/configure@https://codeload.github.com/ludlovian/configure/tar.gz/bbd23d329e3b15a09e5953940ee81486a0d1465c':
    resolution: {tarball: https://codeload.github.com/ludlovian/configure/tar.gz/bbd23d329e3b15a09e5953940ee81486a0d1465c}
    version: 0.4.0

  '@ludlovian/debug@https://codeload.github.com/ludlovian/debug/tar.gz/720a2f06021239565dd0b62aa823fd8741705a30':
    resolution: {tarball: https://codeload.github.com/ludlovian/debug/tar.gz/720a2f06021239565dd0b62aa823fd8741705a30}
    version: 0.2.0

  '@ludlovian/equal@https://codeload.github.com/ludlovian/equal/tar.gz/9af158101cc2b0cee715fb85b0f61a26858f24c5':
    resolution: {tarball: https://codeload.github.com/ludlovian/equal/tar.gz/9af158101cc2b0cee715fb85b0f61a26858f24c5}
    version: 0.1.0

  '@ludlovian/guess@https://codeload.github.com/ludlovian/guess/tar.gz/98ce9a84b91c571001c7ce164fad7ab9ce1946a4':
    resolution: {tarball: https://codeload.github.com/ludlovian/guess/tar.gz/98ce9a84b91c571001c7ce164fad7ab9ce1946a4}
    version: 0.1.0

  '@ludlovian/jonos-api@https://codeload.github.com/ludlovian/jonos-api/tar.gz/b7a3f885a97c7d85ee44498463a24a300581f5c6':
    resolution: {tarball: https://codeload.github.com/ludlovian/jonos-api/tar.gz/b7a3f885a97c7d85ee44498463a24a300581f5c6}
    version: 0.7.5

  '@ludlovian/lock@https://codeload.github.com/ludlovian/lock/tar.gz/d1ca32b46e1e59cb8d7736f64a438dabc570555c':
    resolution: {tarball: https://codeload.github.com/ludlovian/lock/tar.gz/d1ca32b46e1e59cb8d7736f64a438dabc570555c}
    version: 0.1.0

  '@ludlovian/parsley@https://codeload.github.com/ludlovian/parsley/tar.gz/5b58e1c577974747706190ab362dd2d185587728':
    resolution: {tarball: https://codeload.github.com/ludlovian/parsley/tar.gz/5b58e1c577974747706190ab362dd2d185587728}
    version: 2.1.0

  '@ludlovian/signalbox@https://codeload.github.com/ludlovian/signalbox/tar.gz/0738206db9b9116e24c1d8cb0bb4d0208158d8a6':
    resolution: {tarball: https://codeload.github.com/ludlovian/signalbox/tar.gz/0738206db9b9116e24c1d8cb0bb4d0208158d8a6}
    version: 0.1.0
    peerDependencies:
      '@preact/signals-core': ^1.6.1

  '@ludlovian/sortby@https://codeload.github.com/ludlovian/sortby/tar.gz/991acec93f54a26b4e74fd29e5712cbb21ad65f1':
    resolution: {tarball: https://codeload.github.com/ludlovian/sortby/tar.gz/991acec93f54a26b4e74fd29e5712cbb21ad65f1}
    version: 1.1.0

  '@ludlovian/timeout@https://codeload.github.com/ludlovian/timeout/tar.gz/bb8ad7cf5e35442c41409be15c8658bafb2b3ada':
    resolution: {tarball: https://codeload.github.com/ludlovian/timeout/tar.gz/bb8ad7cf5e35442c41409be15c8658bafb2b3ada}
    version: 0.1.0

  '@ludlovian/timer@https://codeload.github.com/ludlovian/timer/tar.gz/fa5cf51fba00f2715de2b182d1d546d7a8cbe883':
    resolution: {tarball: https://codeload.github.com/ludlovian/timer/tar.gz/fa5cf51fba00f2715de2b182d1d546d7a8cbe883}
    version: 3.0.2

  '@ludlovian/until-signal@https://codeload.github.com/ludlovian/until-signal/tar.gz/2a1b0bf960189e7c54e54e33669c96f2f2593bf9':
    resolution: {tarball: https://codeload.github.com/ludlovian/until-signal/tar.gz/2a1b0bf960189e7c54e54e33669c96f2f2593bf9}
    version: 0.1.0
    peerDependencies:
      '@preact/signals-core': ^1.6.1

  '@lukeed/ms@2.0.2':
    resolution: {integrity: sha512-9I2Zn6+NJLfaGoz9jN3lpwDgAYvfGeNYdbAIjJOqzs4Tpc+VU3Jqq4IofSUBKajiDS8k9fZIg18/z13mpk1bsA==}
    engines: {node: '>=8'}

  '@preact/signals-core@1.7.0':
    resolution: {integrity: sha512-bEZLgmJGSBVP5PUPDowhPW3bVdMmp9Tr5OEl+SQK+8Tv9T7UsIfyN905cfkmmeqw8z4xp8T6zrl4M1uj9+HAfg==}

snapshots:

  '@ludlovian/camel@https://codeload.github.com/ludlovian/camel/tar.gz/8389f121d271c7930e99ad82b0dc5dbe16dfcb03': {}

  '@ludlovian/configure@https://codeload.github.com/ludlovian/configure/tar.gz/bbd23d329e3b15a09e5953940ee81486a0d1465c':
    dependencies:
      '@ludlovian/camel': https://codeload.github.com/ludlovian/camel/tar.gz/8389f121d271c7930e99ad82b0dc5dbe16dfcb03
      '@ludlovian/guess': https://codeload.github.com/ludlovian/guess/tar.gz/98ce9a84b91c571001c7ce164fad7ab9ce1946a4
      '@lukeed/ms': 2.0.2

  '@ludlovian/debug@https://codeload.github.com/ludlovian/debug/tar.gz/720a2f06021239565dd0b62aa823fd8741705a30': {}

  '@ludlovian/equal@https://codeload.github.com/ludlovian/equal/tar.gz/9af158101cc2b0cee715fb85b0f61a26858f24c5': {}

  '@ludlovian/guess@https://codeload.github.com/ludlovian/guess/tar.gz/98ce9a84b91c571001c7ce164fad7ab9ce1946a4': {}

  '@ludlovian/jonos-api@https://codeload.github.com/ludlovian/jonos-api/tar.gz/b7a3f885a97c7d85ee44498463a24a300581f5c6':
    dependencies:
      '@ludlovian/camel': https://codeload.github.com/ludlovian/camel/tar.gz/8389f121d271c7930e99ad82b0dc5dbe16dfcb03
      '@ludlovian/configure': https://codeload.github.com/ludlovian/configure/tar.gz/bbd23d329e3b15a09e5953940ee81486a0d1465c
      '@ludlovian/debug': https://codeload.github.com/ludlovian/debug/tar.gz/720a2f06021239565dd0b62aa823fd8741705a30
      '@ludlovian/guess': https://codeload.github.com/ludlovian/guess/tar.gz/98ce9a84b91c571001c7ce164fad7ab9ce1946a4
      '@ludlovian/lock': https://codeload.github.com/ludlovian/lock/tar.gz/d1ca32b46e1e59cb8d7736f64a438dabc570555c
      '@ludlovian/parsley': https://codeload.github.com/ludlovian/parsley/tar.gz/5b58e1c577974747706190ab362dd2d185587728
      '@ludlovian/timeout': https://codeload.github.com/ludlovian/timeout/tar.gz/bb8ad7cf5e35442c41409be15c8658bafb2b3ada
      '@ludlovian/timer': https://codeload.github.com/ludlovian/timer/tar.gz/fa5cf51fba00f2715de2b182d1d546d7a8cbe883
      '@lukeed/ms': 2.0.2

  '@ludlovian/lock@https://codeload.github.com/ludlovian/lock/tar.gz/d1ca32b46e1e59cb8d7736f64a438dabc570555c': {}

  '@ludlovian/parsley@https://codeload.github.com/ludlovian/parsley/tar.gz/5b58e1c577974747706190ab362dd2d185587728': {}

  '@ludlovian/signalbox@https://codeload.github.com/ludlovian/signalbox/tar.gz/0738206db9b9116e24c1d8cb0bb4d0208158d8a6(@preact/signals-core@1.7.0)':
    dependencies:
      '@preact/signals-core': 1.7.0

  '@ludlovian/sortby@https://codeload.github.com/ludlovian/sortby/tar.gz/991acec93f54a26b4e74fd29e5712cbb21ad65f1': {}

  '@ludlovian/timeout@https://codeload.github.com/ludlovian/timeout/tar.gz/bb8ad7cf5e35442c41409be15c8658bafb2b3ada': {}

  '@ludlovian/timer@https://codeload.github.com/ludlovian/timer/tar.gz/fa5cf51fba00f2715de2b182d1d546d7a8cbe883': {}

  '@ludlovian/until-signal@https://codeload.github.com/ludlovian/until-signal/tar.gz/2a1b0bf960189e7c54e54e33669c96f2f2593bf9(@preact/signals-core@1.7.0)':
    dependencies:
      '@preact/signals-core': 1.7.0

  '@lukeed/ms@2.0.2': {}

  '@preact/signals-core@1.7.0': {}
